
Microsoft Visual Studio Solution File, Format Version 12.00
# Visual Studio Version 16
VisualStudioVersion = 16.0.29911.84
MinimumVisualStudioVersion = 10.0.40219.1
Project("{FAE04EC0-301F-11D3-BF4B-00C04F79EFBC}") = "SocketAsync", "SocketAsync\SocketAsync.csproj", "{9A473AC4-B3A6-439D-88A7-3E6538CDBCCF}"
EndProject
Global
	GlobalSection(SolutionConfigurationPlatforms) = preSolution
		Debug|Any CPU = Debug|Any CPU
		Release|Any CPU = Release|Any CPU
	EndGlobalSection
	GlobalSection(ProjectConfigurationPlatforms) = postSolution
		{9A473AC4-B3A6-439D-88A7-3E6538CDBCCF}.Debug|Any CPU.ActiveCfg = Debug|Any CPU
		{9A473AC4-B3A6-439D-88A7-3E6538CDBCCF}.Debug|Any CPU.Build.0 = Debug|Any CPU
		{9A473AC4-B3A6-439D-88A7-3E6538CDBCCF}.Release|Any CPU.ActiveCfg = Release|Any CPU
		{9A473AC4-B3A6-439D-88A7-3E6538CDBCCF}.Release|Any CPU.Build.0 = Release|Any CPU
	EndGlobalSection
	GlobalSection(SolutionProperties) = preSolution
		HideSolutionNode = FALSE
	EndGlobalSection
	GlobalSection(ExtensibilityGlobals) = postSolution
		SolutionGuid = {1306001C-7922-4B7E-8E2F-F261AC63D730}
	EndGlobalSection
EndGlobal
